
Microsoft Visual Studio Solution File, Format Version 12.00
# Visual Studio Version 18
VisualStudioVersion = 18.9.12112.369
MinimumVisualStudioVersion = 10.0.40219.1
Project("{2150E333-8FDC-42A3-9474-1A3956D46DE8}") = "Solution Items", "Solution Items", "{E62C16AE-6A19-43A9-964C-58F7AA027936}"
	ProjectSection(SolutionItems) = preProject
		.github\workflows\dotnet.yml = .github\workflows\dotnet.yml
		global.json = global.json
		projscan.json = projscan.json
		README.md = README.md
		SigningKey.snk = SigningKey.snk
		version.json = version.json
	EndProjectSection
EndProject
Project("{FAE04EC0-301F-11D3-BF4B-00C04F79EFBC}") = "DataFac.Conduits.UnitTests", "DataFac.Conduits.UnitTests\DataFac.Conduits.UnitTests.csproj", "{01253DA1-7391-CEDA-F986-6C5846451963}"
EndProject
Project("{FAE04EC0-301F-11D3-BF4B-00C04F79EFBC}") = "DataFac.Conduits.Testing", "DataFac.Conduits.Testing\DataFac.Conduits.Testing.csproj", "{E89A4430-4433-FDEB-1E2C-8195DFE1C731}"
EndProject
Project("{FAE04EC0-301F-11D3-BF4B-00C04F79EFBC}") = "DataFac.Conduits", "DataFac.Conduits\DataFac.Conduits.csproj", "{9C15D933-ECF6-F647-3674-A8D10E913206}"
EndProject
Project("{FAE04EC0-301F-11D3-BF4B-00C04F79EFBC}") = "DataFac.Conduits.GrpcCommon", "DataFac.Conduits.GrpcCommon\DataFac.Conduits.GrpcCommon.csproj", "{0382773A-42B6-8B23-AAA4-75B4DE4CA975}"
EndProject
Project("{FAE04EC0-301F-11D3-BF4B-00C04F79EFBC}") = "DataFac.Conduits.GrpcClient", "DataFac.Conduits.GrpcClient\DataFac.Conduits.GrpcClient.csproj", "{73E80A30-73D2-74F8-F244-E6A6D005A72F}"
EndProject
Project("{FAE04EC0-301F-11D3-BF4B-00C04F79EFBC}") = "DataFac.Conduits.GrpcServer", "DataFac.Conduits.GrpcServer\DataFac.Conduits.GrpcServer.csproj", "{4D2EBEF5-3065-AEB7-47F4-84536847E588}"
EndProject
Project("{FAE04EC0-301F-11D3-BF4B-00C04F79EFBC}") = "DataFac.Conduits.ProtobufNetCommon", "DataFac.Conduits.ProtobufNet.Common\DataFac.Conduits.ProtobufNetCommon.csproj", "{94725AFB-4683-405C-9433-99FE685CDB3F}"
EndProject
Project("{FAE04EC0-301F-11D3-BF4B-00C04F79EFBC}") = "DataFac.Conduits.ProtobufNetClient", "DataFac.Conduits.ProtobufNet.Client\DataFac.Conduits.ProtobufNetClient.csproj", "{4600844A-8CAA-4108-A968-8E183F0FD5EC}"
EndProject
Project("{FAE04EC0-301F-11D3-BF4B-00C04F79EFBC}") = "DataFac.Conduits.ProtobufNetServer", "DataFac.Conduits.ProtobufNet.Server\DataFac.Conduits.ProtobufNetServer.csproj", "{E3B5662C-E11F-4C58-98D0-F7CFE247C343}"
EndProject
Project("{FAE04EC0-301F-11D3-BF4B-00C04F79EFBC}") = "Testing.Calculator", "Testing.Calculator\Testing.Calculator.csproj", "{E845E699-3935-49A7-818F-03D4FC274B8E}"
EndProject
Project("{FAE04EC0-301F-11D3-BF4B-00C04F79EFBC}") = "Testing.Benchmarks", "Testing.Benchmarks\Testing.Benchmarks.csproj", "{C49E5A9E-501D-4131-A729-39C5775F960A}"
EndProject
Project("{FAE04EC0-301F-11D3-BF4B-00C04F79EFBC}") = "XApp1.AppHost", "XApp1\XApp1.AppHost\XApp1.AppHost.csproj", "{DD40639D-9352-4697-99DB-63126E310587}"
EndProject
Project("{FAE04EC0-301F-11D3-BF4B-00C04F79EFBC}") = "XApp1.ServiceDefaults", "XApp1\XApp1.ServiceDefaults\XApp1.ServiceDefaults.csproj", "{6D60CE29-8AE9-E84B-A87E-077A61A64F2D}"
EndProject
Project("{FAE04EC0-301F-11D3-BF4B-00C04F79EFBC}") = "XApp1.ApiService", "XApp1\XApp1.ApiService\XApp1.ApiService.csproj", "{F983FFB9-91BA-12A2-7831-BF5BD2344ED5}"
EndProject
Project("{FAE04EC0-301F-11D3-BF4B-00C04F79EFBC}") = "XApp1.Web", "XApp1\XApp1.Web\XApp1.Web.csproj", "{F0F38D59-6BCA-AE75-7DCB-4CC177179D04}"
EndProject
Project("{FAE04EC0-301F-11D3-BF4B-00C04F79EFBC}") = "XApp1.GrpcService1", "XApp1\XApp1.GrpcService\XApp1.GrpcService1.csproj", "{47F65A4A-A6D2-591E-392F-3FC74928497A}"
EndProject
Project("{FAE04EC0-301F-11D3-BF4B-00C04F79EFBC}") = "XApp1.GrpcService2", "XApp1\XApp1.GrpcService2\XApp1.GrpcService2.csproj", "{C9B78F17-F917-84BE-B823-A2D8A4D1961B}"
EndProject
Project("{FAE04EC0-301F-11D3-BF4B-00C04F79EFBC}") = "Testing.Weather", "Testing.Weather\Testing.Weather.csproj", "{060E8846-B93B-4802-A47F-C685E090D905}"
EndProject
Global
	GlobalSection(SolutionConfigurationPlatforms) = preSolution
		Debug|Any CPU = Debug|Any CPU
		Release|Any CPU = Release|Any CPU
	EndGlobalSection
	GlobalSection(ProjectConfigurationPlatforms) = postSolution
		{01253DA1-7391-CEDA-F986-6C5846451963}.Debug|Any CPU.ActiveCfg = Debug|Any CPU
		{01253DA1-7391-CEDA-F986-6C5846451963}.Debug|Any CPU.Build.0 = Debug|Any CPU
		{01253DA1-7391-CEDA-F986-6C5846451963}.Release|Any CPU.ActiveCfg = Release|Any CPU
		{01253DA1-7391-CEDA-F986-6C5846451963}.Release|Any CPU.Build.0 = Release|Any CPU
		{E89A4430-4433-FDEB-1E2C-8195DFE1C731}.Debug|Any CPU.ActiveCfg = Debug|Any CPU
		{E89A4430-4433-FDEB-1E2C-8195DFE1C731}.Debug|Any CPU.Build.0 = Debug|Any CPU
		{E89A4430-4433-FDEB-1E2C-8195DFE1C731}.Release|Any CPU.ActiveCfg = Release|Any CPU
		{E89A4430-4433-FDEB-1E2C-8195DFE1C731}.Release|Any CPU.Build.0 = Release|Any CPU
		{9C15D933-ECF6-F647-3674-A8D10E913206}.Debug|Any CPU.ActiveCfg = Debug|Any CPU
		{9C15D933-ECF6-F647-3674-A8D10E913206}.Debug|Any CPU.Build.0 = Debug|Any CPU
		{9C15D933-ECF6-F647-3674-A8D10E913206}.Release|Any CPU.ActiveCfg = Release|Any CPU
		{9C15D933-ECF6-F647-3674-A8D10E913206}.Release|Any CPU.Build.0 = Release|Any CPU
		{0382773A-42B6-8B23-AAA4-75B4DE4CA975}.Debug|Any CPU.ActiveCfg = Debug|Any CPU
		{0382773A-42B6-8B23-AAA4-75B4DE4CA975}.Debug|Any CPU.Build.0 = Debug|Any CPU
		{0382773A-42B6-8B23-AAA4-75B4DE4CA975}.Release|Any CPU.ActiveCfg = Release|Any CPU
		{0382773A-42B6-8B23-AAA4-75B4DE4CA975}.Release|Any CPU.Build.0 = Release|Any CPU
		{73E80A30-73D2-74F8-F244-E6A6D005A72F}.Debug|Any CPU.ActiveCfg = Debug|Any CPU
		{73E80A30-73D2-74F8-F244-E6A6D005A72F}.Debug|Any CPU.Build.0 = Debug|Any CPU
		{73E80A30-73D2-74F8-F244-E6A6D005A72F}.Release|Any CPU.ActiveCfg = Release|Any CPU
		{73E80A30-73D2-74F8-F244-E6A6D005A72F}.Release|Any CPU.Build.0 = Release|Any CPU
		{4D2EBEF5-3065-AEB7-47F4-84536847E588}.Debug|Any CPU.ActiveCfg = Debug|Any CPU
		{4D2EBEF5-3065-AEB7-47F4-84536847E588}.Debug|Any CPU.Build.0 = Debug|Any CPU
		{4D2EBEF5-3065-AEB7-47F4-84536847E588}.Release|Any CPU.ActiveCfg = Release|Any CPU
		{4D2EBEF5-3065-AEB7-47F4-84536847E588}.Release|Any CPU.Build.0 = Release|Any CPU
		{94725AFB-4683-405C-9433-99FE685CDB3F}.Debug|Any CPU.ActiveCfg = Debug|Any CPU
		{94725AFB-4683-405C-9433-99FE685CDB3F}.Debug|Any CPU.Build.0 = Debug|Any CPU
		{94725AFB-4683-405C-9433-99FE685CDB3F}.Release|Any CPU.ActiveCfg = Release|Any CPU
		{94725AFB-4683-405C-9433-99FE685CDB3F}.Release|Any CPU.Build.0 = Release|Any CPU
		{4600844A-8CAA-4108-A968-8E183F0FD5EC}.Debug|Any CPU.ActiveCfg = Debug|Any CPU
		{4600844A-8CAA-4108-A968-8E183F0FD5EC}.Debug|Any CPU.Build.0 = Debug|Any CPU
		{4600844A-8CAA-4108-A968-8E183F0FD5EC}.Release|Any CPU.ActiveCfg = Release|Any CPU
		{4600844A-8CAA-4108-A968-8E183F0FD5EC}.Release|Any CPU.Build.0 = Release|Any CPU
		{E3B5662C-E11F-4C58-98D0-F7CFE247C343}.Debug|Any CPU.ActiveCfg = Debug|Any CPU
		{E3B5662C-E11F-4C58-98D0-F7CFE247C343}.Debug|Any CPU.Build.0 = Debug|Any CPU
		{E3B5662C-E11F-4C58-98D0-F7CFE247C343}.Release|Any CPU.ActiveCfg = Release|Any CPU
		{E3B5662C-E11F-4C58-98D0-F7CFE247C343}.Release|Any CPU.Build.0 = Release|Any CPU
		{E845E699-3935-49A7-818F-03D4FC274B8E}.Debug|Any CPU.ActiveCfg = Debug|Any CPU
		{E845E699-3935-49A7-818F-03D4FC274B8E}.Debug|Any CPU.Build.0 = Debug|Any CPU
		{E845E699-3935-49A7-818F-03D4FC274B8E}.Release|Any CPU.ActiveCfg = Release|Any CPU
		{E845E699-3935-49A7-818F-03D4FC274B8E}.Release|Any CPU.Build.0 = Release|Any CPU
		{C49E5A9E-501D-4131-A729-39C5775F960A}.Debug|Any CPU.ActiveCfg = Debug|Any CPU
		{C49E5A9E-501D-4131-A729-39C5775F960A}.Debug|Any CPU.Build.0 = Debug|Any CPU
		{C49E5A9E-501D-4131-A729-39C5775F960A}.Release|Any CPU.ActiveCfg = Release|Any CPU
		{C49E5A9E-501D-4131-A729-39C5775F960A}.Release|Any CPU.Build.0 = Release|Any CPU
		{DD40639D-9352-4697-99DB-63126E310587}.Debug|Any CPU.ActiveCfg = Debug|Any CPU
		{DD40639D-9352-4697-99DB-63126E310587}.Debug|Any CPU.Build.0 = Debug|Any CPU
		{DD40639D-9352-4697-99DB-63126E310587}.Release|Any CPU.ActiveCfg = Release|Any CPU
		{DD40639D-9352-4697-99DB-63126E310587}.Release|Any CPU.Build.0 = Release|Any CPU
		{6D60CE29-8AE9-E84B-A87E-077A61A64F2D}.Debug|Any CPU.ActiveCfg = Debug|Any CPU
		{6D60CE29-8AE9-E84B-A87E-077A61A64F2D}.Debug|Any CPU.Build.0 = Debug|Any CPU
		{6D60CE29-8AE9-E84B-A87E-077A61A64F2D}.Release|Any CPU.ActiveCfg = Release|Any CPU
		{6D60CE29-8AE9-E84B-A87E-077A61A64F2D}.Release|Any CPU.Build.0 = Release|Any CPU
		{F983FFB9-91BA-12A2-7831-BF5BD2344ED5}.Debug|Any CPU.ActiveCfg = Debug|Any CPU
		{F983FFB9-91BA-12A2-7831-BF5BD2344ED5}.Debug|Any CPU.Build.0 = Debug|Any CPU
		{F983FFB9-91BA-12A2-7831-BF5BD2344ED5}.Release|Any CPU.ActiveCfg = Release|Any CPU
		{F983FFB9-91BA-12A2-7831-BF5BD2344ED5}.Release|Any CPU.Build.0 = Release|Any CPU
		{F0F38D59-6BCA-AE75-7DCB-4CC177179D04}.Debug|Any CPU.ActiveCfg = Debug|Any CPU
		{F0F38D59-6BCA-AE75-7DCB-4CC177179D04}.Debug|Any CPU.Build.0 = Debug|Any CPU
		{F0F38D59-6BCA-AE75-7DCB-4CC177179D04}.Release|Any CPU.ActiveCfg = Release|Any CPU
		{F0F38D59-6BCA-AE75-7DCB-4CC177179D04}.Release|Any CPU.Build.0 = Release|Any CPU
		{47F65A4A-A6D2-591E-392F-3FC74928497A}.Debug|Any CPU.ActiveCfg = Debug|Any CPU
		{47F65A4A-A6D2-591E-392F-3FC74928497A}.Debug|Any CPU.Build.0 = Debug|Any CPU
		{47F65A4A-A6D2-591E-392F-3FC74928497A}.Release|Any CPU.ActiveCfg = Release|Any CPU
		{47F65A4A-A6D2-591E-392F-3FC74928497A}.Release|Any CPU.Build.0 = Release|Any CPU
		{C9B78F17-F917-84BE-B823-A2D8A4D1961B}.Debug|Any CPU.ActiveCfg = Debug|Any CPU
		{C9B78F17-F917-84BE-B823-A2D8A4D1961B}.Debug|Any CPU.Build.0 = Debug|Any CPU
		{C9B78F17-F917-84BE-B823-A2D8A4D1961B}.Release|Any CPU.ActiveCfg = Release|Any CPU
		{C9B78F17-F917-84BE-B823-A2D8A4D1961B}.Release|Any CPU.Build.0 = Release|Any CPU
		{060E8846-B93B-4802-A47F-C685E090D905}.Debug|Any CPU.ActiveCfg = Debug|Any CPU
		{060E8846-B93B-4802-A47F-C685E090D905}.Debug|Any CPU.Build.0 = Debug|Any CPU
		{060E8846-B93B-4802-A47F-C685E090D905}.Release|Any CPU.ActiveCfg = Release|Any CPU
		{060E8846-B93B-4802-A47F-C685E090D905}.Release|Any CPU.Build.0 = Release|Any CPU
	EndGlobalSection
	GlobalSection(SolutionProperties) = preSolution
		HideSolutionNode = FALSE
	EndGlobalSection
	GlobalSection(ExtensibilityGlobals) = postSolution
		SolutionGuid = {1BFC61D9-CC13-417F-B1A3-464028FBB659}
	EndGlobalSection
EndGlobal
